{
  "name": "bai11",
  "version": "1.0.0",
  "lockfileVersion": 3,
  "requires": true,
  "packages": {
    "": {
      "name": "bai11",
      "version": "1.0.0",
      "license": "ISC",
      "dependencies": {
        "format-money-js": "^1.6.2",
        "shortid": "^2.2.16"
      }
    },
    "node_modules/format-money-js": {
      "version": "1.6.2",
      "resolved": "https://registry.npmjs.org/format-money-js/-/format-money-js-1.6.2.tgz",
      "integrity": "sha512-4HAwdx/yKB6tMG4xxRl8RtAW4cLzN5/CvqExy+FswDqGmMsFdnsDqhkTnM0dit+lZeveyRHf5BU7T/GqCRkmLQ=="
    },
    "node_modules/nanoid": {
      "version": "2.1.11",
      "resolved": "https://registry.npmjs.org/nanoid/-/nanoid-2.1.11.tgz",
      "integrity": "sha512-s/snB+WGm6uwi0WjsZdaVcuf3KJXlfGl2LcxgwkEwJF0D/BWzVWAZW/XY4bFaiR7s0Jk3FPvlnepg1H1b1UwlA=="
    },
    "node_modules/shortid": {
      "version": "2.2.16",
      "resolved": "https://registry.npmjs.org/shortid/-/shortid-2.2.16.tgz",
      "integrity": "sha512-Ugt+GIZqvGXCIItnsL+lvFJOiN7RYqlGy7QE41O3YC1xbNSeDGIRO7xg2JJXIAj1cAGnOeC1r7/T9pgrtQbv4g==",
      "dependencies": {
        "nanoid": "^2.1.0"
      }
    }
  }
}
